
Microsoft Visual Studio Solution File, Format Version 12.00
# Visual Studio Version 17
VisualStudioVersion = 17.7.34018.315
MinimumVisualStudioVersion = 10.0.40219.1
Project("{FAE04EC0-301F-11D3-BF4B-00C04F79EFBC}") = "SBMSBackend", "SBMSBackend.csproj", "{A9775968-9685-4C67-86A3-5B86D7589C55}"
EndProject
Project("{FAE04EC0-301F-11D3-BF4B-00C04F79EFBC}") = "SBMS.Models", "..\SBMS.Models\SBMS.Models.csproj", "{76966BEC-3E25-4D06-BD42-A66F0C569273}"
EndProject
Global
	GlobalSection(SolutionConfigurationPlatforms) = preSolution
		Debug|Any CPU = Debug|Any CPU
		Release|Any CPU = Release|Any CPU
	EndGlobalSection
	GlobalSection(ProjectConfigurationPlatforms) = postSolution
		{A9775968-9685-4C67-86A3-5B86D7589C55}.Debug|Any CPU.ActiveCfg = Debug|Any CPU
		{A9775968-9685-4C67-86A3-5B86D7589C55}.Debug|Any CPU.Build.0 = Debug|Any CPU
		{A9775968-9685-4C67-86A3-5B86D7589C55}.Release|Any CPU.ActiveCfg = Release|Any CPU
		{A9775968-9685-4C67-86A3-5B86D7589C55}.Release|Any CPU.Build.0 = Release|Any CPU
		{76966BEC-3E25-4D06-BD42-A66F0C569273}.Debug|Any CPU.ActiveCfg = Debug|Any CPU
		{76966BEC-3E25-4D06-BD42-A66F0C569273}.Debug|Any CPU.Build.0 = Debug|Any CPU
		{76966BEC-3E25-4D06-BD42-A66F0C569273}.Release|Any CPU.ActiveCfg = Release|Any CPU
		{76966BEC-3E25-4D06-BD42-A66F0C569273}.Release|Any CPU.Build.0 = Release|Any CPU
	EndGlobalSection
	GlobalSection(SolutionProperties) = preSolution
		HideSolutionNode = FALSE
	EndGlobalSection
	GlobalSection(ExtensibilityGlobals) = postSolution
		SolutionGuid = {CDAF3713-E5EC-4A54-8489-762F821E5F3C}
	EndGlobalSection
EndGlobal
